
Microsoft Visual Studio Solution File, Format Version 12.00
# Visual Studio Version 18
VisualStudioVersion = 18.6.11822.322
MinimumVisualStudioVersion = 10.0.40219.1
Project("{FAE04EC0-301F-11D3-BF4B-00C04F79EFBC}") = "Elevate Workforce", "NepalJobPortal\Elevate Workforce.csproj", "{AF842CE7-8E53-48D5-AF81-8621511FC290}"
EndProject
Global
	GlobalSection(SolutionConfigurationPlatforms) = preSolution
		Debug|Any CPU = Debug|Any CPU
		Release|Any CPU = Release|Any CPU
	EndGlobalSection
	GlobalSection(ProjectConfigurationPlatforms) = postSolution
		{AF842CE7-8E53-48D5-AF81-8621511FC290}.Debug|Any CPU.ActiveCfg = Debug|Any CPU
		{AF842CE7-8E53-48D5-AF81-8621511FC290}.Debug|Any CPU.Build.0 = Debug|Any CPU
		{AF842CE7-8E53-48D5-AF81-8621511FC290}.Release|Any CPU.ActiveCfg = Release|Any CPU
		{AF842CE7-8E53-48D5-AF81-8621511FC290}.Release|Any CPU.Build.0 = Release|Any CPU
	EndGlobalSection
	GlobalSection(SolutionProperties) = preSolution
		HideSolutionNode = FALSE
	EndGlobalSection
	GlobalSection(ExtensibilityGlobals) = postSolution
		SolutionGuid = {10E2B789-693B-417C-880C-CCC7B41744D6}
	EndGlobalSection
EndGlobal
